// !$*UTF8*$!
{
	archiveVersion = 1;
	classes = {
	};
	objectVersion = 46;
	objects = {

/* Begin PBXBuildFile section */
		2F9393A015AB477100C062C8 /* UIKit.framework in Frameworks */ = {isa = PBXBuildFile; fileRef = 2F93939F15AB477100C062C8 /* UIKit.framework */; };
		2F9393A215AB477100C062C8 /* Foundation.framework in Frameworks */ = {isa = PBXBuildFile; fileRef = 2F9393A115AB477100C062C8 /* Foundation.framework */; };
		2F9393A415AB477100C062C8 /* CoreGraphics.framework in Frameworks */ = {isa = PBXBuildFile; fileRef = 2F9393A315AB477100C062C8 /* CoreGraphics.framework */; };
		2F9393AA15AB477100C062C8 /* InfoPlist.strings in Resources */ = {isa = PBXBuildFile; fileRef = 2F9393A815AB477100C062C8 /* InfoPlist.strings */; };
		2F9393AC15AB477100C062C8 /* main.m in Sources */ = {isa = PBXBuildFile; fileRef = 2F9393AB15AB477100C062C8 /* main.m */; };
		2F9393B015AB477100C062C8 /* YMAppDelegate.m in Sources */ = {isa = PBXBuildFile; fileRef = 2F9393AF15AB477100C062C8 /* YMAppDelegate.m */; };
		2F9393B315AB477100C062C8 /* YMViewController.m in Sources */ = {isa = PBXBuildFile; fileRef = 2F9393B215AB477100C062C8 /* YMViewController.m */; };
		2F9393B615AB477100C062C8 /* YMViewController.xib in Resources */ = {isa = PBXBuildFile; fileRef = 2F9393B415AB477100C062C8 /* YMViewController.xib */; };
		2F9393C015AB47D200C062C8 /* YMCalendarSheet.m in Sources */ = {isa = PBXBuildFile; fileRef = 2F9393BE15AB47D200C062C8 /* YMCalendarSheet.m */; };
		2F9393C115AB47D200C062C8 /* YMCalendarSheet.xib in Resources */ = {isa = PBXBuildFile; fileRef = 2F9393BF15AB47D200C062C8 /* YMCalendarSheet.xib */; };
		2F9393C415AB48B800C062C8 /* UIView+NibLoading.m in Sources */ = {isa = PBXBuildFile; fileRef = 2F9393C315AB48B800C062C8 /* UIView+NibLoading.m */; };
/* End PBXBuildFile section */

/* Begin PBXFileReference section */
		2F93939B15AB477100C062C8 /* YMCalendarSheetDemo.app */ = {isa = PBXFileReference; explicitFileType = wrapper.application; includeInIndex = 0; path = YMCalendarSheetDemo.app; sourceTree = BUILT_PRODUCTS_DIR; };
		2F93939F15AB477100C062C8 /* UIKit.framework */ = {isa = PBXFileReference; lastKnownFileType = wrapper.framework; name = UIKit.framework; path = System/Library/Frameworks/UIKit.framework; sourceTree = SDKROOT; };
		2F9393A115AB477100C062C8 /* Foundation.framework */ = {isa = PBXFileReference; lastKnownFileType = wrapper.framework; name = Foundation.framework; path = System/Library/Frameworks/Foundation.framework; sourceTree = SDKROOT; };
		2F9393A315AB477100C062C8 /* CoreGraphics.framework */ = {isa = PBXFileReference; lastKnownFileType = wrapper.framework; name = CoreGraphics.framework; path = System/Library/Frameworks/CoreGraphics.framework; sourceTree = SDKROOT; };
		2F9393A715AB477100C062C8 /* YMCalendarSheetDemo-Info.plist */ = {isa = PBXFileReference; lastKnownFileType = text.plist.xml; path = "YMCalendarSheetDemo-Info.plist"; sourceTree = "<group>"; };
		2F9393A915AB477100C062C8 /* en */ = {isa = PBXFileReference; lastKnownFileType = text.plist.strings; name = en; path = en.lproj/InfoPlist.strings; sourceTree = "<group>"; };
		2F9393AB15AB477100C062C8 /* main.m */ = {isa = PBXFileReference; lastKnownFileType = sourcecode.c.objc; path = main.m; sourceTree = "<group>"; };
		2F9393AD15AB477100C062C8 /* YMCalendarSheetDemo-Prefix.pch */ = {isa = PBXFileReference; lastKnownFileType = sourcecode.c.h; path = "YMCalendarSheetDemo-Prefix.pch"; sourceTree = "<group>"; };
		2F9393AE15AB477100C062C8 /* YMAppDelegate.h */ = {isa = PBXFileReference; lastKnownFileType = sourcecode.c.h; path = YMAppDelegate.h; sourceTree = "<group>"; };
		2F9393AF15AB477100C062C8 /* YMAppDelegate.m */ = {isa = PBXFileReference; lastKnownFileType = sourcecode.c.objc; path = YMAppDelegate.m; sourceTree = "<group>"; };
		2F9393B115AB477100C062C8 /* YMViewController.h */ = {isa = PBXFileReference; lastKnownFileType = sourcecode.c.h; path = YMViewController.h; sourceTree = "<group>"; };
		2F9393B215AB477100C062C8 /* YMViewController.m */ = {isa = PBXFileReference; lastKnownFileType = sourcecode.c.objc; path = YMViewController.m; sourceTree = "<group>"; };
		2F9393B515AB477100C062C8 /* en */ = {isa = PBXFileReference; lastKnownFileType = file.xib; name = en; path = en.lproj/YMViewController.xib; sourceTree = "<group>"; };
		2F9393BD15AB47D200C062C8 /* YMCalendarSheet.h */ = {isa = PBXFileReference; fileEncoding = 4; lastKnownFileType = sourcecode.c.h; path = YMCalendarSheet.h; sourceTree = "<group>"; };
		2F9393BE15AB47D200C062C8 /* YMCalendarSheet.m */ = {isa = PBXFileReference; fileEncoding = 4; lastKnownFileType = sourcecode.c.objc; path = YMCalendarSheet.m; sourceTree = "<group>"; };
		2F9393BF15AB47D200C062C8 /* YMCalendarSheet.xib */ = {isa = PBXFileReference; fileEncoding = 4; lastKnownFileType = file.xib; path = YMCalendarSheet.xib; sourceTree = "<group>"; };
		2F9393C215AB48B800C062C8 /* UIView+NibLoading.h */ = {isa = PBXFileReference; fileEncoding = 4; lastKnownFileType = sourcecode.c.h; path = "UIView+NibLoading.h"; sourceTree = "<group>"; };
		2F9393C315AB48B800C062C8 /* UIView+NibLoading.m */ = {isa = PBXFileReference; fileEncoding = 4; lastKnownFileType = sourcecode.c.objc; path = "UIView+NibLoading.m"; sourceTree = "<group>"; };
/* End PBXFileReference section */

/* Begin PBXFrameworksBuildPhase section */
		2F93939815AB477100C062C8 /* Frameworks */ = {
			isa = PBXFrameworksBuildPhase;
			buildActionMask = 2147483647;
			files = (
				2F9393A015AB477100C062C8 /* UIKit.framework in Frameworks */,
				2F9393A215AB477100C062C8 /* Foundation.framework in Frameworks */,
				2F9393A415AB477100C062C8 /* CoreGraphics.framework in Frameworks */,
			);
			runOnlyForDeploymentPostprocessing = 0;
		};
/* End PBXFrameworksBuildPhase section */

/* Begin PBXGroup section */
		2F93939015AB477100C062C8 = {
			isa = PBXGroup;
			children = (
				2F9393BC15AB47BE00C062C8 /* YMCalendarSheet */,
				2F9393A515AB477100C062C8 /* YMCalendarSheetDemo */,
				2F93939E15AB477100C062C8 /* Frameworks */,
				2F93939C15AB477100C062C8 /* Products */,
			);
			sourceTree = "<group>";
		};
		2F93939C15AB477100C062C8 /* Products */ = {
			isa = PBXGroup;
			children = (
				2F93939B15AB477100C062C8 /* YMCalendarSheetDemo.app */,
			);
			name = Products;
			sourceTree = "<group>";
		};
		2F93939E15AB477100C062C8 /* Frameworks */ = {
			isa = PBXGroup;
			children = (
				2F93939F15AB477100C062C8 /* UIKit.framework */,
				2F9393A115AB477100C062C8 /* Foundation.framework */,
				2F9393A315AB477100C062C8 /* CoreGraphics.framework */,
			);
			name = Frameworks;
			sourceTree = "<group>";
		};
		2F9393A515AB477100C062C8 /* YMCalendarSheetDemo */ = {
			isa = PBXGroup;
			children = (
				2F9393AE15AB477100C062C8 /* YMAppDelegate.h */,
				2F9393AF15AB477100C062C8 /* YMAppDelegate.m */,
				2F9393B115AB477100C062C8 /* YMViewController.h */,
				2F9393B215AB477100C062C8 /* YMViewController.m */,
				2F9393B415AB477100C062C8 /* YMViewController.xib */,
				2F9393A615AB477100C062C8 /* Supporting Files */,
			);
			path = YMCalendarSheetDemo;
			sourceTree = "<group>";
		};
		2F9393A615AB477100C062C8 /* Supporting Files */ = {
			isa = PBXGroup;
			children = (
				2F9393A715AB477100C062C8 /* YMCalendarSheetDemo-Info.plist */,
				2F9393A815AB477100C062C8 /* InfoPlist.strings */,
				2F9393AB15AB477100C062C8 /* main.m */,
				2F9393AD15AB477100C062C8 /* YMCalendarSheetDemo-Prefix.pch */,
			);
			name = "Supporting Files";
			sourceTree = "<group>";
		};
		2F9393BC15AB47BE00C062C8 /* YMCalendarSheet */ = {
			isa = PBXGroup;
			children = (
				2F9393BD15AB47D200C062C8 /* YMCalendarSheet.h */,
				2F9393BE15AB47D200C062C8 /* YMCalendarSheet.m */,
				2F9393BF15AB47D200C062C8 /* YMCalendarSheet.xib */,
				2F9393C215AB48B800C062C8 /* UIView+NibLoading.h */,
				2F9393C315AB48B800C062C8 /* UIView+NibLoading.m */,
			);
			path = YMCalendarSheet;
			sourceTree = SOURCE_ROOT;
		};
/* End PBXGroup section */

/* Begin PBXNativeTarget section */
		2F93939A15AB477100C062C8 /* YMCalendarSheetDemo */ = {
			isa = PBXNativeTarget;
			buildConfigurationList = 2F9393B915AB477100C062C8 /* Build configuration list for PBXNativeTarget "YMCalendarSheetDemo" */;
			buildPhases = (
				2F93939715AB477100C062C8 /* Sources */,
				2F93939815AB477100C062C8 /* Frameworks */,
				2F93939915AB477100C062C8 /* Resources */,
			);
			buildRules = (
			);
			dependencies = (
			);
			name = YMCalendarSheetDemo;
			productName = YMCalendarSheetDemo;
			productReference = 2F93939B15AB477100C062C8 /* YMCalendarSheetDemo.app */;
			productType = "com.apple.product-type.application";
		};
/* End PBXNativeTarget section */

/* Begin PBXProject section */
		2F93939215AB477100C062C8 /* Project object */ = {
			isa = PBXProject;
			attributes = {
				CLASSPREFIX = YM;
				LastUpgradeCheck = 0430;
			};
			buildConfigurationList = 2F93939515AB477100C062C8 /* Build configuration list for PBXProject "YMCalendarSheetDemo" */;
			compatibilityVersion = "Xcode 3.2";
			developmentRegion = English;
			hasScannedForEncodings = 0;
			knownRegions = (
				en,
			);
			mainGroup = 2F93939015AB477100C062C8;
			productRefGroup = 2F93939C15AB477100C062C8 /* Products */;
			projectDirPath = "";
			projectRoot = "";
			targets = (
				2F93939A15AB477100C062C8 /* YMCalendarSheetDemo */,
			);
		};
/* End PBXProject section */

/* Begin PBXResourcesBuildPhase section */
		2F93939915AB477100C062C8 /* Resources */ = {
			isa = PBXResourcesBuildPhase;
			buildActionMask = 2147483647;
			files = (
				2F9393AA15AB477100C062C8 /* InfoPlist.strings in Resources */,
				2F9393B615AB477100C062C8 /* YMViewController.xib in Resources */,
				2F9393C115AB47D200C062C8 /* YMCalendarSheet.xib in Resources */,
			);
			runOnlyForDeploymentPostprocessing = 0;
		};
/* End PBXResourcesBuildPhase section */

/* Begin PBXSourcesBuildPhase section */
		2F93939715AB477100C062C8 /* Sources */ = {
			isa = PBXSourcesBuildPhase;
			buildActionMask = 2147483647;
			files = (
				2F9393AC15AB477100C062C8 /* main.m in Sources */,
				2F9393B015AB477100C062C8 /* YMAppDelegate.m in Sources */,
				2F9393B315AB477100C062C8 /* YMViewController.m in Sources */,
				2F9393C015AB47D200C062C8 /* YMCalendarSheet.m in Sources */,
				2F9393C415AB48B800C062C8 /* UIView+NibLoading.m in Sources */,
			);
			runOnlyForDeploymentPostprocessing = 0;
		};
/* End PBXSourcesBuildPhase section */

/* Begin PBXVariantGroup section */
		2F9393A815AB477100C062C8 /* InfoPlist.strings */ = {
			isa = PBXVariantGroup;
			children = (
				2F9393A915AB477100C062C8 /* en */,
			);
			name = InfoPlist.strings;
			sourceTree = "<group>";
		};
		2F9393B415AB477100C062C8 /* YMViewController.xib */ = {
			isa = PBXVariantGroup;
			children = (
				2F9393B515AB477100C062C8 /* en */,
			);
			name = YMViewController.xib;
			sourceTree = "<group>";
		};
/* End PBXVariantGroup section */

/* Begin XCBuildConfiguration section */
		2F9393B715AB477100C062C8 /* Debug */ = {
			isa = XCBuildConfiguration;
			buildSettings = {
				ALWAYS_SEARCH_USER_PATHS = NO;
				ARCHS = "$(ARCHS_STANDARD_32_BIT)";
				CLANG_ENABLE_OBJC_ARC = YES;
				"CODE_SIGN_IDENTITY[sdk=iphoneos*]" = "iPhone Developer";
				COPY_PHASE_STRIP = NO;
				GCC_C_LANGUAGE_STANDARD = gnu99;
				GCC_DYNAMIC_NO_PIC = NO;
				GCC_OPTIMIZATION_LEVEL = 0;
				GCC_PREPROCESSOR_DEFINITIONS = (
					"DEBUG=1",
					"$(inherited)",
				);
				GCC_SYMBOLS_PRIVATE_EXTERN = NO;
				GCC_VERSION = com.apple.compilers.llvm.clang.1_0;
				GCC_WARN_ABOUT_RETURN_TYPE = YES;
				GCC_WARN_UNINITIALIZED_AUTOS = YES;
				GCC_WARN_UNUSED_VARIABLE = YES;
				IPHONEOS_DEPLOYMENT_TARGET = 5.1;
				SDKROOT = iphoneos;
			};
			name = Debug;
		};
		2F9393B815AB477100C062C8 /* Release */ = {
			isa = XCBuildConfiguration;
			buildSettings = {
				ALWAYS_SEARCH_USER_PATHS = NO;
				ARCHS = "$(ARCHS_STANDARD_32_BIT)";
				CLANG_ENABLE_OBJC_ARC = YES;
				"CODE_SIGN_IDENTITY[sdk=iphoneos*]" = "iPhone Developer";
				COPY_PHASE_STRIP = YES;
				GCC_C_LANGUAGE_STANDARD = gnu99;
				GCC_VERSION = com.apple.compilers.llvm.clang.1_0;
				GCC_WARN_ABOUT_RETURN_TYPE = YES;
				GCC_WARN_UNINITIALIZED_AUTOS = YES;
				GCC_WARN_UNUSED_VARIABLE = YES;
				IPHONEOS_DEPLOYMENT_TARGET = 5.1;
				OTHER_CFLAGS = "-DNS_BLOCK_ASSERTIONS=1";
				SDKROOT = iphoneos;
				VALIDATE_PRODUCT = YES;
			};
			name = Release;
		};
		2F9393BA15AB477100C062C8 /* Debug */ = {
			isa = XCBuildConfiguration;
			buildSettings = {
				GCC_PRECOMPILE_PREFIX_HEADER = YES;
				GCC_PREFIX_HEADER = "YMCalendarSheetDemo/YMCalendarSheetDemo-Prefix.pch";
				INFOPLIST_FILE = "YMCalendarSheetDemo/YMCalendarSheetDemo-Info.plist";
				PRODUCT_NAME = "$(TARGET_NAME)";
				WRAPPER_EXTENSION = app;
			};
			name = Debug;
		};
		2F9393BB15AB477100C062C8 /* Release */ = {
			isa = XCBuildConfiguration;
			buildSettings = {
				GCC_PRECOMPILE_PREFIX_HEADER = YES;
				GCC_PREFIX_HEADER = "YMCalendarSheetDemo/YMCalendarSheetDemo-Prefix.pch";
				INFOPLIST_FILE = "YMCalendarSheetDemo/YMCalendarSheetDemo-Info.plist";
				PRODUCT_NAME = "$(TARGET_NAME)";
				WRAPPER_EXTENSION = app;
			};
			name = Release;
		};
/* End XCBuildConfiguration section */

/* Begin XCConfigurationList section */
		2F93939515AB477100C062C8 /* Build configuration list for PBXProject "YMCalendarSheetDemo" */ = {
			isa = XCConfigurationList;
			buildConfigurations = (
				2F9393B715AB477100C062C8 /* Debug */,
				2F9393B815AB477100C062C8 /* Release */,
			);
			defaultConfigurationIsVisible = 0;
			defaultConfigurationName = Release;
		};
		2F9393B915AB477100C062C8 /* Build configuration list for PBXNativeTarget "YMCalendarSheetDemo" */ = {
			isa = XCConfigurationList;
			buildConfigurations = (
				2F9393BA15AB477100C062C8 /* Debug */,
				2F9393BB15AB477100C062C8 /* Release */,
			);
			defaultConfigurationIsVisible = 0;
		};
/* End XCConfigurationList section */
	};
	rootObject = 2F93939215AB477100C062C8 /* Project object */;
}
